
Microsoft Visual Studio Solution File, Format Version 12.00
# Visual Studio 14
VisualStudioVersion = 14.0.24720.0
MinimumVisualStudioVersion = 10.0.40219.1
Project("{FAE04EC0-301F-11D3-BF4B-00C04F79EFBC}") = "01.Centuries to Minutes", "01.Centuries to Minutes\01.Centuries to Minutes.csproj", "{4BA530F5-C0BD-466B-AA70-DEB37787DB7C}"
EndProject
Project("{FAE04EC0-301F-11D3-BF4B-00C04F79EFBC}") = "02.CircleArea(Precision 12)", "02.CircleArea(Precision 12)\02.CircleArea(Precision 12).csproj", "{2EFFA45F-C6E7-4D5F-BCC9-04EEB194E576}"
EndProject
Project("{FAE04EC0-301F-11D3-BF4B-00C04F79EFBC}") = "03ExactSumOfRealNumbers", "03ExactSumOfRealNumbers\03ExactSumOfRealNumbers.csproj", "{768031AB-41E0-4DF7-9E84-422E0339EBE4}"
EndProject
Project("{FAE04EC0-301F-11D3-BF4B-00C04F79EFBC}") = "04Elevator", "04Elevator\04Elevator.csproj", "{6CAB4E5D-6150-4508-BB8D-508E374FDAAD}"
EndProject
Project("{FAE04EC0-301F-11D3-BF4B-00C04F79EFBC}") = "05Special Numbers", "05.Special Numbers\05Special Numbers.csproj", "{85CD4975-6B93-4116-96D3-ADE235DAB507}"
EndProject
Project("{FAE04EC0-301F-11D3-BF4B-00C04F79EFBC}") = "06Triples of Letters", "06Triples of Letters\06Triples of Letters.csproj", "{862B5504-404E-46E6-A321-AB60F5937428}"
EndProject
Project("{FAE04EC0-301F-11D3-BF4B-00C04F79EFBC}") = "07Greeting", "07Greeting\07Greeting.csproj", "{EC0BA73A-DC63-405F-BB3C-27404982CCDB}"
EndProject
Project("{FAE04EC0-301F-11D3-BF4B-00C04F79EFBC}") = "08Refactor Volume of Pyramid", "08Refactor Volume of Pyramid\08Refactor Volume of Pyramid.csproj", "{FBA3781E-21BD-4370-898D-BD525CE9AEFE}"
EndProject
Project("{FAE04EC0-301F-11D3-BF4B-00C04F79EFBC}") = "09Refactor Special Numbers", "09Refactor Special Numbers\09Refactor Special Numbers.csproj", "{D4D6CC10-F66C-4D0B-AC22-FCFADA192E99}"
EndProject
Global
	GlobalSection(SolutionConfigurationPlatforms) = preSolution
		Debug|Any CPU = Debug|Any CPU
		Release|Any CPU = Release|Any CPU
	EndGlobalSection
	GlobalSection(ProjectConfigurationPlatforms) = postSolution
		{4BA530F5-C0BD-466B-AA70-DEB37787DB7C}.Debug|Any CPU.ActiveCfg = Debug|Any CPU
		{4BA530F5-C0BD-466B-AA70-DEB37787DB7C}.Debug|Any CPU.Build.0 = Debug|Any CPU
		{4BA530F5-C0BD-466B-AA70-DEB37787DB7C}.Release|Any CPU.ActiveCfg = Release|Any CPU
		{4BA530F5-C0BD-466B-AA70-DEB37787DB7C}.Release|Any CPU.Build.0 = Release|Any CPU
		{2EFFA45F-C6E7-4D5F-BCC9-04EEB194E576}.Debug|Any CPU.ActiveCfg = Debug|Any CPU
		{2EFFA45F-C6E7-4D5F-BCC9-04EEB194E576}.Debug|Any CPU.Build.0 = Debug|Any CPU
		{2EFFA45F-C6E7-4D5F-BCC9-04EEB194E576}.Release|Any CPU.ActiveCfg = Release|Any CPU
		{2EFFA45F-C6E7-4D5F-BCC9-04EEB194E576}.Release|Any CPU.Build.0 = Release|Any CPU
		{768031AB-41E0-4DF7-9E84-422E0339EBE4}.Debug|Any CPU.ActiveCfg = Debug|Any CPU
		{768031AB-41E0-4DF7-9E84-422E0339EBE4}.Debug|Any CPU.Build.0 = Debug|Any CPU
		{768031AB-41E0-4DF7-9E84-422E0339EBE4}.Release|Any CPU.ActiveCfg = Release|Any CPU
		{768031AB-41E0-4DF7-9E84-422E0339EBE4}.Release|Any CPU.Build.0 = Release|Any CPU
		{6CAB4E5D-6150-4508-BB8D-508E374FDAAD}.Debug|Any CPU.ActiveCfg = Debug|Any CPU
		{6CAB4E5D-6150-4508-BB8D-508E374FDAAD}.Debug|Any CPU.Build.0 = Debug|Any CPU
		{6CAB4E5D-6150-4508-BB8D-508E374FDAAD}.Release|Any CPU.ActiveCfg = Release|Any CPU
		{6CAB4E5D-6150-4508-BB8D-508E374FDAAD}.Release|Any CPU.Build.0 = Release|Any CPU
		{85CD4975-6B93-4116-96D3-ADE235DAB507}.Debug|Any CPU.ActiveCfg = Debug|Any CPU
		{85CD4975-6B93-4116-96D3-ADE235DAB507}.Debug|Any CPU.Build.0 = Debug|Any CPU
		{85CD4975-6B93-4116-96D3-ADE235DAB507}.Release|Any CPU.ActiveCfg = Release|Any CPU
		{85CD4975-6B93-4116-96D3-ADE235DAB507}.Release|Any CPU.Build.0 = Release|Any CPU
		{862B5504-404E-46E6-A321-AB60F5937428}.Debug|Any CPU.ActiveCfg = Debug|Any CPU
		{862B5504-404E-46E6-A321-AB60F5937428}.Debug|Any CPU.Build.0 = Debug|Any CPU
		{862B5504-404E-46E6-A321-AB60F5937428}.Release|Any CPU.ActiveCfg = Release|Any CPU
		{862B5504-404E-46E6-A321-AB60F5937428}.Release|Any CPU.Build.0 = Release|Any CPU
		{EC0BA73A-DC63-405F-BB3C-27404982CCDB}.Debug|Any CPU.ActiveCfg = Debug|Any CPU
		{EC0BA73A-DC63-405F-BB3C-27404982CCDB}.Debug|Any CPU.Build.0 = Debug|Any CPU
		{EC0BA73A-DC63-405F-BB3C-27404982CCDB}.Release|Any CPU.ActiveCfg = Release|Any CPU
		{EC0BA73A-DC63-405F-BB3C-27404982CCDB}.Release|Any CPU.Build.0 = Release|Any CPU
		{FBA3781E-21BD-4370-898D-BD525CE9AEFE}.Debug|Any CPU.ActiveCfg = Debug|Any CPU
		{FBA3781E-21BD-4370-898D-BD525CE9AEFE}.Debug|Any CPU.Build.0 = Debug|Any CPU
		{FBA3781E-21BD-4370-898D-BD525CE9AEFE}.Release|Any CPU.ActiveCfg = Release|Any CPU
		{FBA3781E-21BD-4370-898D-BD525CE9AEFE}.Release|Any CPU.Build.0 = Release|Any CPU
		{D4D6CC10-F66C-4D0B-AC22-FCFADA192E99}.Debug|Any CPU.ActiveCfg = Debug|Any CPU
		{D4D6CC10-F66C-4D0B-AC22-FCFADA192E99}.Debug|Any CPU.Build.0 = Debug|Any CPU
		{D4D6CC10-F66C-4D0B-AC22-FCFADA192E99}.Release|Any CPU.ActiveCfg = Release|Any CPU
		{D4D6CC10-F66C-4D0B-AC22-FCFADA192E99}.Release|Any CPU.Build.0 = Release|Any CPU
	EndGlobalSection
	GlobalSection(SolutionProperties) = preSolution
		HideSolutionNode = FALSE
	EndGlobalSection
EndGlobal
