
Microsoft Visual Studio Solution File, Format Version 12.00
# Visual Studio 14
VisualStudioVersion = 14.0.24720.0
MinimumVisualStudioVersion = 10.0.40219.1
Project("{FAE04EC0-301F-11D3-BF4B-00C04F79EFBC}") = "01DayOfWeek", "01DayOfWeek\01DayOfWeek.csproj", "{07824141-BB44-46D7-99EB-232B9D6664E3}"
EndProject
Project("{FAE04EC0-301F-11D3-BF4B-00C04F79EFBC}") = "02ReverseArrayOfIntegers", "02ReverseArrayOfIntegers\02ReverseArrayOfIntegers.csproj", "{E8B41369-0164-41C9-96D4-462E2833C934}"
EndProject
Project("{FAE04EC0-301F-11D3-BF4B-00C04F79EFBC}") = "03LastKNumbersSums", "03LastKNumbersSums\03LastKNumbersSums.csproj", "{A4573CAC-443C-44B4-B8D1-DE9F29C747BF}"
EndProject
Project("{FAE04EC0-301F-11D3-BF4B-00C04F79EFBC}") = "04TrippleSum", "04TrippleSum\04TrippleSum.csproj", "{EDBF3EEB-3E1D-4384-8FDF-6C2D35632CFC}"
EndProject
Project("{FAE04EC0-301F-11D3-BF4B-00C04F79EFBC}") = "05RoundingNumbers", "05RoundingNumbers\05RoundingNumbers.csproj", "{E54ACF50-1EE9-46AB-B5FD-4B2EF0BAEC04}"
EndProject
Project("{FAE04EC0-301F-11D3-BF4B-00C04F79EFBC}") = "06ReverseArrayofStrings", "06ReverseArrayofStrings\06ReverseArrayofStrings.csproj", "{B7062923-FBBF-4FEC-AEAC-63EC9C12D6CB}"
EndProject
Project("{FAE04EC0-301F-11D3-BF4B-00C04F79EFBC}") = "07SumArrays", "07SumArrays\07SumArrays.csproj", "{25360704-239D-4DD5-A646-35A9E9B4506C}"
EndProject
Project("{FAE04EC0-301F-11D3-BF4B-00C04F79EFBC}") = "08CondenseArrayToNumber", "08CondenseArrayToNumber\08CondenseArrayToNumber.csproj", "{DB227B45-9BF4-4F3E-9124-FF47D65FF6E6}"
EndProject
Project("{FAE04EC0-301F-11D3-BF4B-00C04F79EFBC}") = "09ExtractMiddleElements", "09ExtractMiddleElements\09ExtractMiddleElements.csproj", "{2D9338D5-8E47-452E-8C06-AA81DCA76266}"
EndProject
Project("{FAE04EC0-301F-11D3-BF4B-00C04F79EFBC}") = "10RemoveNegativesAndReverse", "10RemoveNegativesAndReverse\10RemoveNegativesAndReverse.csproj", "{5B94D078-898F-450D-86CF-64E11B84A0AF}"
EndProject
Project("{FAE04EC0-301F-11D3-BF4B-00C04F79EFBC}") = "11AppendLists", "11AppendLists\11AppendLists.csproj", "{1004F23A-9962-46E8-9890-CE15723CE559}"
EndProject
Project("{FAE04EC0-301F-11D3-BF4B-00C04F79EFBC}") = "12SumAdjacentEqualNumbers", "12SumAdjacentEqualNumbers\12SumAdjacentEqualNumbers.csproj", "{F71BFE50-D299-42E9-B52C-8DAB08109CA8}"
EndProject
Project("{FAE04EC0-301F-11D3-BF4B-00C04F79EFBC}") = "13SplitByWordCasing", "13SplitByWordCasing\13SplitByWordCasing.csproj", "{1F467FAC-B8B7-4ECA-8DDD-78D3A90E217C}"
EndProject
Project("{FAE04EC0-301F-11D3-BF4B-00C04F79EFBC}") = "14SortNumbers", "14SortNumbers\14SortNumbers.csproj", "{D08124F4-D611-47F2-B0F7-59F85C5C0378}"
EndProject
Project("{FAE04EC0-301F-11D3-BF4B-00C04F79EFBC}") = "15SquareNumbers", "15SquareNumbers\15SquareNumbers.csproj", "{4D994C45-06EB-4DD6-83DA-570158E0A0D3}"
EndProject
Project("{FAE04EC0-301F-11D3-BF4B-00C04F79EFBC}") = "16CountNumbers", "16CountNumbers\16CountNumbers.csproj", "{FFBAE2D7-B424-4A9F-AB95-B50A76E11527}"
EndProject
Project("{FAE04EC0-301F-11D3-BF4B-00C04F79EFBC}") = "00SimpleTest", "00SimpleTest\00SimpleTest.csproj", "{7FC4EE3F-BD6C-4C43-8F6A-4F24C6CF07FF}"
EndProject
Global
	GlobalSection(SolutionConfigurationPlatforms) = preSolution
		Debug|Any CPU = Debug|Any CPU
		Release|Any CPU = Release|Any CPU
	EndGlobalSection
	GlobalSection(ProjectConfigurationPlatforms) = postSolution
		{07824141-BB44-46D7-99EB-232B9D6664E3}.Debug|Any CPU.ActiveCfg = Debug|Any CPU
		{07824141-BB44-46D7-99EB-232B9D6664E3}.Debug|Any CPU.Build.0 = Debug|Any CPU
		{07824141-BB44-46D7-99EB-232B9D6664E3}.Release|Any CPU.ActiveCfg = Release|Any CPU
		{07824141-BB44-46D7-99EB-232B9D6664E3}.Release|Any CPU.Build.0 = Release|Any CPU
		{E8B41369-0164-41C9-96D4-462E2833C934}.Debug|Any CPU.ActiveCfg = Debug|Any CPU
		{E8B41369-0164-41C9-96D4-462E2833C934}.Debug|Any CPU.Build.0 = Debug|Any CPU
		{E8B41369-0164-41C9-96D4-462E2833C934}.Release|Any CPU.ActiveCfg = Release|Any CPU
		{E8B41369-0164-41C9-96D4-462E2833C934}.Release|Any CPU.Build.0 = Release|Any CPU
		{A4573CAC-443C-44B4-B8D1-DE9F29C747BF}.Debug|Any CPU.ActiveCfg = Debug|Any CPU
		{A4573CAC-443C-44B4-B8D1-DE9F29C747BF}.Debug|Any CPU.Build.0 = Debug|Any CPU
		{A4573CAC-443C-44B4-B8D1-DE9F29C747BF}.Release|Any CPU.ActiveCfg = Release|Any CPU
		{A4573CAC-443C-44B4-B8D1-DE9F29C747BF}.Release|Any CPU.Build.0 = Release|Any CPU
		{EDBF3EEB-3E1D-4384-8FDF-6C2D35632CFC}.Debug|Any CPU.ActiveCfg = Debug|Any CPU
		{EDBF3EEB-3E1D-4384-8FDF-6C2D35632CFC}.Debug|Any CPU.Build.0 = Debug|Any CPU
		{EDBF3EEB-3E1D-4384-8FDF-6C2D35632CFC}.Release|Any CPU.ActiveCfg = Release|Any CPU
		{EDBF3EEB-3E1D-4384-8FDF-6C2D35632CFC}.Release|Any CPU.Build.0 = Release|Any CPU
		{E54ACF50-1EE9-46AB-B5FD-4B2EF0BAEC04}.Debug|Any CPU.ActiveCfg = Debug|Any CPU
		{E54ACF50-1EE9-46AB-B5FD-4B2EF0BAEC04}.Debug|Any CPU.Build.0 = Debug|Any CPU
		{E54ACF50-1EE9-46AB-B5FD-4B2EF0BAEC04}.Release|Any CPU.ActiveCfg = Release|Any CPU
		{E54ACF50-1EE9-46AB-B5FD-4B2EF0BAEC04}.Release|Any CPU.Build.0 = Release|Any CPU
		{B7062923-FBBF-4FEC-AEAC-63EC9C12D6CB}.Debug|Any CPU.ActiveCfg = Debug|Any CPU
		{B7062923-FBBF-4FEC-AEAC-63EC9C12D6CB}.Debug|Any CPU.Build.0 = Debug|Any CPU
		{B7062923-FBBF-4FEC-AEAC-63EC9C12D6CB}.Release|Any CPU.ActiveCfg = Release|Any CPU
		{B7062923-FBBF-4FEC-AEAC-63EC9C12D6CB}.Release|Any CPU.Build.0 = Release|Any CPU
		{25360704-239D-4DD5-A646-35A9E9B4506C}.Debug|Any CPU.ActiveCfg = Debug|Any CPU
		{25360704-239D-4DD5-A646-35A9E9B4506C}.Debug|Any CPU.Build.0 = Debug|Any CPU
		{25360704-239D-4DD5-A646-35A9E9B4506C}.Release|Any CPU.ActiveCfg = Release|Any CPU
		{25360704-239D-4DD5-A646-35A9E9B4506C}.Release|Any CPU.Build.0 = Release|Any CPU
		{DB227B45-9BF4-4F3E-9124-FF47D65FF6E6}.Debug|Any CPU.ActiveCfg = Debug|Any CPU
		{DB227B45-9BF4-4F3E-9124-FF47D65FF6E6}.Debug|Any CPU.Build.0 = Debug|Any CPU
		{DB227B45-9BF4-4F3E-9124-FF47D65FF6E6}.Release|Any CPU.ActiveCfg = Release|Any CPU
		{DB227B45-9BF4-4F3E-9124-FF47D65FF6E6}.Release|Any CPU.Build.0 = Release|Any CPU
		{2D9338D5-8E47-452E-8C06-AA81DCA76266}.Debug|Any CPU.ActiveCfg = Debug|Any CPU
		{2D9338D5-8E47-452E-8C06-AA81DCA76266}.Debug|Any CPU.Build.0 = Debug|Any CPU
		{2D9338D5-8E47-452E-8C06-AA81DCA76266}.Release|Any CPU.ActiveCfg = Release|Any CPU
		{2D9338D5-8E47-452E-8C06-AA81DCA76266}.Release|Any CPU.Build.0 = Release|Any CPU
		{5B94D078-898F-450D-86CF-64E11B84A0AF}.Debug|Any CPU.ActiveCfg = Debug|Any CPU
		{5B94D078-898F-450D-86CF-64E11B84A0AF}.Debug|Any CPU.Build.0 = Debug|Any CPU
		{5B94D078-898F-450D-86CF-64E11B84A0AF}.Release|Any CPU.ActiveCfg = Release|Any CPU
		{5B94D078-898F-450D-86CF-64E11B84A0AF}.Release|Any CPU.Build.0 = Release|Any CPU
		{1004F23A-9962-46E8-9890-CE15723CE559}.Debug|Any CPU.ActiveCfg = Debug|Any CPU
		{1004F23A-9962-46E8-9890-CE15723CE559}.Debug|Any CPU.Build.0 = Debug|Any CPU
		{1004F23A-9962-46E8-9890-CE15723CE559}.Release|Any CPU.ActiveCfg = Release|Any CPU
		{1004F23A-9962-46E8-9890-CE15723CE559}.Release|Any CPU.Build.0 = Release|Any CPU
		{F71BFE50-D299-42E9-B52C-8DAB08109CA8}.Debug|Any CPU.ActiveCfg = Debug|Any CPU
		{F71BFE50-D299-42E9-B52C-8DAB08109CA8}.Debug|Any CPU.Build.0 = Debug|Any CPU
		{F71BFE50-D299-42E9-B52C-8DAB08109CA8}.Release|Any CPU.ActiveCfg = Release|Any CPU
		{F71BFE50-D299-42E9-B52C-8DAB08109CA8}.Release|Any CPU.Build.0 = Release|Any CPU
		{1F467FAC-B8B7-4ECA-8DDD-78D3A90E217C}.Debug|Any CPU.ActiveCfg = Debug|Any CPU
		{1F467FAC-B8B7-4ECA-8DDD-78D3A90E217C}.Debug|Any CPU.Build.0 = Debug|Any CPU
		{1F467FAC-B8B7-4ECA-8DDD-78D3A90E217C}.Release|Any CPU.ActiveCfg = Release|Any CPU
		{1F467FAC-B8B7-4ECA-8DDD-78D3A90E217C}.Release|Any CPU.Build.0 = Release|Any CPU
		{D08124F4-D611-47F2-B0F7-59F85C5C0378}.Debug|Any CPU.ActiveCfg = Debug|Any CPU
		{D08124F4-D611-47F2-B0F7-59F85C5C0378}.Debug|Any CPU.Build.0 = Debug|Any CPU
		{D08124F4-D611-47F2-B0F7-59F85C5C0378}.Release|Any CPU.ActiveCfg = Release|Any CPU
		{D08124F4-D611-47F2-B0F7-59F85C5C0378}.Release|Any CPU.Build.0 = Release|Any CPU
		{4D994C45-06EB-4DD6-83DA-570158E0A0D3}.Debug|Any CPU.ActiveCfg = Debug|Any CPU
		{4D994C45-06EB-4DD6-83DA-570158E0A0D3}.Debug|Any CPU.Build.0 = Debug|Any CPU
		{4D994C45-06EB-4DD6-83DA-570158E0A0D3}.Release|Any CPU.ActiveCfg = Release|Any CPU
		{4D994C45-06EB-4DD6-83DA-570158E0A0D3}.Release|Any CPU.Build.0 = Release|Any CPU
		{FFBAE2D7-B424-4A9F-AB95-B50A76E11527}.Debug|Any CPU.ActiveCfg = Debug|Any CPU
		{FFBAE2D7-B424-4A9F-AB95-B50A76E11527}.Debug|Any CPU.Build.0 = Debug|Any CPU
		{FFBAE2D7-B424-4A9F-AB95-B50A76E11527}.Release|Any CPU.ActiveCfg = Release|Any CPU
		{FFBAE2D7-B424-4A9F-AB95-B50A76E11527}.Release|Any CPU.Build.0 = Release|Any CPU
		{7FC4EE3F-BD6C-4C43-8F6A-4F24C6CF07FF}.Debug|Any CPU.ActiveCfg = Debug|Any CPU
		{7FC4EE3F-BD6C-4C43-8F6A-4F24C6CF07FF}.Debug|Any CPU.Build.0 = Debug|Any CPU
		{7FC4EE3F-BD6C-4C43-8F6A-4F24C6CF07FF}.Release|Any CPU.ActiveCfg = Release|Any CPU
		{7FC4EE3F-BD6C-4C43-8F6A-4F24C6CF07FF}.Release|Any CPU.Build.0 = Release|Any CPU
	EndGlobalSection
	GlobalSection(SolutionProperties) = preSolution
		HideSolutionNode = FALSE
	EndGlobalSection
EndGlobal
