
Microsoft Visual Studio Solution File, Format Version 12.00
# Visual Studio 14
VisualStudioVersion = 14.0.24720.0
MinimumVisualStudioVersion = 10.0.40219.1
Project("{FAE04EC0-301F-11D3-BF4B-00C04F79EFBC}") = "01Practice Integers", "01Practice Integers\01Practice Integers.csproj", "{C7147CDD-6ED1-49DD-A8DB-428B0B1A6311}"
EndProject
Project("{FAE04EC0-301F-11D3-BF4B-00C04F79EFBC}") = "02", "02\02.csproj", "{4550DB47-3C66-46D4-A2BA-3BD1C620CD01}"
EndProject
Global
	GlobalSection(SolutionConfigurationPlatforms) = preSolution
		Debug|Any CPU = Debug|Any CPU
		Release|Any CPU = Release|Any CPU
	EndGlobalSection
	GlobalSection(ProjectConfigurationPlatforms) = postSolution
		{C7147CDD-6ED1-49DD-A8DB-428B0B1A6311}.Debug|Any CPU.ActiveCfg = Debug|Any CPU
		{C7147CDD-6ED1-49DD-A8DB-428B0B1A6311}.Debug|Any CPU.Build.0 = Debug|Any CPU
		{C7147CDD-6ED1-49DD-A8DB-428B0B1A6311}.Release|Any CPU.ActiveCfg = Release|Any CPU
		{C7147CDD-6ED1-49DD-A8DB-428B0B1A6311}.Release|Any CPU.Build.0 = Release|Any CPU
		{4550DB47-3C66-46D4-A2BA-3BD1C620CD01}.Debug|Any CPU.ActiveCfg = Debug|Any CPU
		{4550DB47-3C66-46D4-A2BA-3BD1C620CD01}.Debug|Any CPU.Build.0 = Debug|Any CPU
		{4550DB47-3C66-46D4-A2BA-3BD1C620CD01}.Release|Any CPU.ActiveCfg = Release|Any CPU
		{4550DB47-3C66-46D4-A2BA-3BD1C620CD01}.Release|Any CPU.Build.0 = Release|Any CPU
	EndGlobalSection
	GlobalSection(SolutionProperties) = preSolution
		HideSolutionNode = FALSE
	EndGlobalSection
EndGlobal
