
Microsoft Visual Studio Solution File, Format Version 12.00
# Visual Studio 14
VisualStudioVersion = 14.0.24720.0
MinimumVisualStudioVersion = 10.0.40219.1
Project("{FAE04EC0-301F-11D3-BF4B-00C04F79EFBC}") = "01OddLines", "01OddLines\01OddLines.csproj", "{17EF0C82-B3FB-4032-8A5A-1313EF3B5FF2}"
EndProject
Project("{FAE04EC0-301F-11D3-BF4B-00C04F79EFBC}") = "02LineNumbers", "02LineNumbers\02LineNumbers.csproj", "{B095AC70-BB59-49CD-8344-B5F67BA2F207}"
EndProject
Project("{FAE04EC0-301F-11D3-BF4B-00C04F79EFBC}") = "03WordCount", "03WordCount\03WordCount.csproj", "{5F3D03AD-350E-478F-A333-6FC3240BC3FF}"
EndProject
Global
	GlobalSection(SolutionConfigurationPlatforms) = preSolution
		Debug|Any CPU = Debug|Any CPU
		Release|Any CPU = Release|Any CPU
	EndGlobalSection
	GlobalSection(ProjectConfigurationPlatforms) = postSolution
		{17EF0C82-B3FB-4032-8A5A-1313EF3B5FF2}.Debug|Any CPU.ActiveCfg = Debug|Any CPU
		{17EF0C82-B3FB-4032-8A5A-1313EF3B5FF2}.Debug|Any CPU.Build.0 = Debug|Any CPU
		{17EF0C82-B3FB-4032-8A5A-1313EF3B5FF2}.Release|Any CPU.ActiveCfg = Release|Any CPU
		{17EF0C82-B3FB-4032-8A5A-1313EF3B5FF2}.Release|Any CPU.Build.0 = Release|Any CPU
		{B095AC70-BB59-49CD-8344-B5F67BA2F207}.Debug|Any CPU.ActiveCfg = Debug|Any CPU
		{B095AC70-BB59-49CD-8344-B5F67BA2F207}.Debug|Any CPU.Build.0 = Debug|Any CPU
		{B095AC70-BB59-49CD-8344-B5F67BA2F207}.Release|Any CPU.ActiveCfg = Release|Any CPU
		{B095AC70-BB59-49CD-8344-B5F67BA2F207}.Release|Any CPU.Build.0 = Release|Any CPU
		{5F3D03AD-350E-478F-A333-6FC3240BC3FF}.Debug|Any CPU.ActiveCfg = Debug|Any CPU
		{5F3D03AD-350E-478F-A333-6FC3240BC3FF}.Debug|Any CPU.Build.0 = Debug|Any CPU
		{5F3D03AD-350E-478F-A333-6FC3240BC3FF}.Release|Any CPU.ActiveCfg = Release|Any CPU
		{5F3D03AD-350E-478F-A333-6FC3240BC3FF}.Release|Any CPU.Build.0 = Release|Any CPU
	EndGlobalSection
	GlobalSection(SolutionProperties) = preSolution
		HideSolutionNode = FALSE
	EndGlobalSection
EndGlobal
