
Microsoft Visual Studio Solution File, Format Version 12.00
# Visual Studio 14
VisualStudioVersion = 14.0.24720.0
MinimumVisualStudioVersion = 10.0.40219.1
Project("{FAE04EC0-301F-11D3-BF4B-00C04F79EFBC}") = "01Phonebook", "01Phonebook\01Phonebook.csproj", "{8BEE8490-DBBF-4B0F-8E71-66DF27DDF2C3}"
EndProject
Project("{FAE04EC0-301F-11D3-BF4B-00C04F79EFBC}") = "02PhonebookUpgrade", "02PhonebookUpgrade\02PhonebookUpgrade.csproj", "{9BB39E1C-B8B1-4A2C-9CD1-E48FDAC6387C}"
EndProject
Project("{FAE04EC0-301F-11D3-BF4B-00C04F79EFBC}") = "03AMinerTask", "03AMinerTask\03AMinerTask.csproj", "{C761254B-4580-419D-91E3-348109F9372E}"
EndProject
Project("{FAE04EC0-301F-11D3-BF4B-00C04F79EFBC}") = "06UserLogs", "06UserLogs\06UserLogs.csproj", "{0F85116D-D3F2-4DC4-88FB-7DC96D5AA726}"
EndProject
Global
	GlobalSection(SolutionConfigurationPlatforms) = preSolution
		Debug|Any CPU = Debug|Any CPU
		Release|Any CPU = Release|Any CPU
	EndGlobalSection
	GlobalSection(ProjectConfigurationPlatforms) = postSolution
		{8BEE8490-DBBF-4B0F-8E71-66DF27DDF2C3}.Debug|Any CPU.ActiveCfg = Debug|Any CPU
		{8BEE8490-DBBF-4B0F-8E71-66DF27DDF2C3}.Debug|Any CPU.Build.0 = Debug|Any CPU
		{8BEE8490-DBBF-4B0F-8E71-66DF27DDF2C3}.Release|Any CPU.ActiveCfg = Release|Any CPU
		{8BEE8490-DBBF-4B0F-8E71-66DF27DDF2C3}.Release|Any CPU.Build.0 = Release|Any CPU
		{9BB39E1C-B8B1-4A2C-9CD1-E48FDAC6387C}.Debug|Any CPU.ActiveCfg = Debug|Any CPU
		{9BB39E1C-B8B1-4A2C-9CD1-E48FDAC6387C}.Debug|Any CPU.Build.0 = Debug|Any CPU
		{9BB39E1C-B8B1-4A2C-9CD1-E48FDAC6387C}.Release|Any CPU.ActiveCfg = Release|Any CPU
		{9BB39E1C-B8B1-4A2C-9CD1-E48FDAC6387C}.Release|Any CPU.Build.0 = Release|Any CPU
		{C761254B-4580-419D-91E3-348109F9372E}.Debug|Any CPU.ActiveCfg = Debug|Any CPU
		{C761254B-4580-419D-91E3-348109F9372E}.Debug|Any CPU.Build.0 = Debug|Any CPU
		{C761254B-4580-419D-91E3-348109F9372E}.Release|Any CPU.ActiveCfg = Release|Any CPU
		{C761254B-4580-419D-91E3-348109F9372E}.Release|Any CPU.Build.0 = Release|Any CPU
		{0F85116D-D3F2-4DC4-88FB-7DC96D5AA726}.Debug|Any CPU.ActiveCfg = Debug|Any CPU
		{0F85116D-D3F2-4DC4-88FB-7DC96D5AA726}.Debug|Any CPU.Build.0 = Debug|Any CPU
		{0F85116D-D3F2-4DC4-88FB-7DC96D5AA726}.Release|Any CPU.ActiveCfg = Release|Any CPU
		{0F85116D-D3F2-4DC4-88FB-7DC96D5AA726}.Release|Any CPU.Build.0 = Release|Any CPU
	EndGlobalSection
	GlobalSection(SolutionProperties) = preSolution
		HideSolutionNode = FALSE
	EndGlobalSection
EndGlobal
